
Microsoft Visual Studio Solution File, Format Version 12.00
# Visual Studio Version 17
VisualStudioVersion = 17.5.33516.290
MinimumVisualStudioVersion = 10.0.40219.1
Project("{9A19103F-16F7-4668-BE54-9A1E7A4F7556}") = "dotnetcoreapi-cake-shop", "dotnetcoreapi-cake-shop\dotnetcoreapi-cake-shop.csproj", "{B0B6C4E3-A5AF-4D8D-9C30-C4F634BDE9B1}"
EndProject
Global
	GlobalSection(SolutionConfigurationPlatforms) = preSolution
		Debug|Any CPU = Debug|Any CPU
		Release|Any CPU = Release|Any CPU
	EndGlobalSection
	GlobalSection(ProjectConfigurationPlatforms) = postSolution
		{B0B6C4E3-A5AF-4D8D-9C30-C4F634BDE9B1}.Debug|Any CPU.ActiveCfg = Debug|Any CPU
		{B0B6C4E3-A5AF-4D8D-9C30-C4F634BDE9B1}.Debug|Any CPU.Build.0 = Debug|Any CPU
		{B0B6C4E3-A5AF-4D8D-9C30-C4F634BDE9B1}.Release|Any CPU.ActiveCfg = Release|Any CPU
		{B0B6C4E3-A5AF-4D8D-9C30-C4F634BDE9B1}.Release|Any CPU.Build.0 = Release|Any CPU
	EndGlobalSection
	GlobalSection(SolutionProperties) = preSolution
		HideSolutionNode = FALSE
	EndGlobalSection
	GlobalSection(ExtensibilityGlobals) = postSolution
		SolutionGuid = {85F9E325-EFF6-448C-9BAD-869171641789}
	EndGlobalSection
EndGlobal
